Microsoft Visual Studio Solution File, Format Version 12.00
# Visual Studio Version 17
VisualStudioVersion = 17.5.2.0
MinimumVisualStudioVersion = 10.0.40219.1
Project("{FAE04EC0-301F-11D3-BF4B-00C04F79EFBC}") = "TaskManagerApp", "TaskManagerApp\TaskManagerApp.csproj", "{23206769-E5CA-AB20-D95E-05291A44D95D}"
EndProject
Global
	GlobalSection(SolutionConfigurationPlatforms) = preSolution
		Debug|Any CPU = Debug|Any CPU
		Release|Any CPU = Release|Any CPU
	EndGlobalSection
	GlobalSection(ProjectConfigurationPlatforms) = postSolution
		{23206769-E5CA-AB20-D95E-05291A44D95D}.Debug|Any CPU.ActiveCfg = Debug|Any CPU
		{23206769-E5CA-AB20-D95E-05291A44D95D}.Debug|Any CPU.Build.0 = Debug|Any CPU
		{23206769-E5CA-AB20-D95E-05291A44D95D}.Release|Any CPU.ActiveCfg = Release|Any CPU
		{23206769-E5CA-AB20-D95E-05291A44D95D}.Release|Any CPU.Build.0 = Release|Any CPU
	EndGlobalSection
	GlobalSection(SolutionProperties) = preSolution
		HideSolutionNode = FALSE
	EndGlobalSection
	GlobalSection(ExtensibilityGlobals) = postSolution
		SolutionGuid = {68BB60B8-3CA3-4754-BBC2-80CA16E17569}
	EndGlobalSection
EndGlobal
