
Microsoft Visual Studio Solution File, Format Version 12.00
# Visual Studio Version 17
VisualStudioVersion = 17.5.002.0
MinimumVisualStudioVersion = 10.0.40219.1
Project("{9A19103F-16F7-4668-BE54-9A1E7A4F7556}") = "SignalRWebpack", "SignalRWebpack.csproj", "{5A20A4EF-8DC4-4EB6-AAA6-208F17B17372}"
EndProject
Global
	GlobalSection(SolutionConfigurationPlatforms) = preSolution
		Debug|Any CPU = Debug|Any CPU
		Release|Any CPU = Release|Any CPU
	EndGlobalSection
	GlobalSection(ProjectConfigurationPlatforms) = postSolution
		{5A20A4EF-8DC4-4EB6-AAA6-208F17B17372}.Debug|Any CPU.ActiveCfg = Debug|Any CPU
		{5A20A4EF-8DC4-4EB6-AAA6-208F17B17372}.Debug|Any CPU.Build.0 = Debug|Any CPU
		{5A20A4EF-8DC4-4EB6-AAA6-208F17B17372}.Release|Any CPU.ActiveCfg = Release|Any CPU
		{5A20A4EF-8DC4-4EB6-AAA6-208F17B17372}.Release|Any CPU.Build.0 = Release|Any CPU
	EndGlobalSection
	GlobalSection(SolutionProperties) = preSolution
		HideSolutionNode = FALSE
	EndGlobalSection
	GlobalSection(ExtensibilityGlobals) = postSolution
		SolutionGuid = {21B546E3-8CC0-4DF5-88B8-7EDF45DECDCD}
	EndGlobalSection
EndGlobal
